
Microsoft Visual Studio Solution File, Format Version 12.00
# Visual Studio Version 16
VisualStudioVersion = 16.0.31205.134
MinimumVisualStudioVersion = 10.0.40219.1

Project("{9A19103F-16F7-4668-BE54-9A1E7A4F7556}") = "Entidades-Net5", "Entidades-Net5\Entidades-Net5.csproj", "{1B923678-323D-4F84-B291-D66453A6BA2F}"
EndProject
Project("{FAE04EC0-301F-11D3-BF4B-00C04F79EFBC}") = "Test-NetFlixApp", "Test-NetFlixApp\Test-NetFlixApp.csproj", "{EF7EA9FA-1401-4A4C-ADA6-35742D7E6B86}"
EndProject
Global
	GlobalSection(SolutionConfigurationPlatforms) = preSolution
		Debug|Any CPU = Debug|Any CPU
		Release|Any CPU = Release|Any CPU
	EndGlobalSection
	GlobalSection(ProjectConfigurationPlatforms) = postSolution
		{1A80B625-0305-437C-AEFA-777497334D11}.Debug|Any CPU.ActiveCfg = Debug|Any CPU
		{1A80B625-0305-437C-AEFA-777497334D11}.Debug|Any CPU.Build.0 = Debug|Any CPU
		{1A80B625-0305-437C-AEFA-777497334D11}.Release|Any CPU.ActiveCfg = Release|Any CPU
		{1A80B625-0305-437C-AEFA-777497334D11}.Release|Any CPU.Build.0 = Release|Any CPU
		{BFA514C6-DAA2-4D67-9459-8527F21DC8C7}.Debug|Any CPU.ActiveCfg = Debug|Any CPU
		{BFA514C6-DAA2-4D67-9459-8527F21DC8C7}.Debug|Any CPU.Build.0 = Debug|Any CPU
		{BFA514C6-DAA2-4D67-9459-8527F21DC8C7}.Release|Any CPU.ActiveCfg = Release|Any CPU
		{BFA514C6-DAA2-4D67-9459-8527F21DC8C7}.Release|Any CPU.Build.0 = Release|Any CPU
		{1B923678-323D-4F84-B291-D66453A6BA2F}.Debug|Any CPU.ActiveCfg = Debug|Any CPU
		{1B923678-323D-4F84-B291-D66453A6BA2F}.Debug|Any CPU.Build.0 = Debug|Any CPU
		{1B923678-323D-4F84-B291-D66453A6BA2F}.Release|Any CPU.ActiveCfg = Release|Any CPU
		{1B923678-323D-4F84-B291-D66453A6BA2F}.Release|Any CPU.Build.0 = Release|Any CPU
		{EF7EA9FA-1401-4A4C-ADA6-35742D7E6B86}.Debug|Any CPU.ActiveCfg = Debug|Any CPU
		{EF7EA9FA-1401-4A4C-ADA6-35742D7E6B86}.Debug|Any CPU.Build.0 = Debug|Any CPU
		{EF7EA9FA-1401-4A4C-ADA6-35742D7E6B86}.Release|Any CPU.ActiveCfg = Release|Any CPU
		{EF7EA9FA-1401-4A4C-ADA6-35742D7E6B86}.Release|Any CPU.Build.0 = Release|Any CPU
	EndGlobalSection
	GlobalSection(SolutionProperties) = preSolution
		HideSolutionNode = FALSE
	EndGlobalSection
	GlobalSection(ExtensibilityGlobals) = postSolution
		SolutionGuid = {C65EA25E-3102-4F51-A3A1-B8E2AD6D1395}
	EndGlobalSection
EndGlobal
